// !$*UTF8*$!
{
	archiveVersion = 1;
	classes = {
	};
	objectVersion = 52;
	objects = {

/* Begin PBXBuildFile section */
		1B1399D126E2E6B000C2559F /* SidebarNavigation.swift in Sources */ = {isa = PBXBuildFile; fileRef = 1B1399D026E2E6B000C2559F /* SidebarNavigation.swift */; };
		1B1399D326E2E7AD00C2559F /* Navigation.swift in Sources */ = {isa = PBXBuildFile; fileRef = 1B1399D226E2E7AD00C2559F /* Navigation.swift */; };
		1B1399D526E2E81700C2559F /* TabNavigation.swift in Sources */ = {isa = PBXBuildFile; fileRef = 1B1399D426E2E81700C2559F /* TabNavigation.swift */; };
		1B73875326CF6FF800B7FC42 /* Thumbnail.swift in Sources */ = {isa = PBXBuildFile; fileRef = 1B73875226CF6FF800B7FC42 /* Thumbnail.swift */; };
		1B73875926CF702300B7FC42 /* VisualEffectView.swift in Sources */ = {isa = PBXBuildFile; fileRef = 1B73875826CF702300B7FC42 /* VisualEffectView.swift */; };
		1B73875F26CF709F00B7FC42 /* EnvironmentValues.swift in Sources */ = {isa = PBXBuildFile; fileRef = 1B73875E26CF709E00B7FC42 /* EnvironmentValues.swift */; };
		1B73876326CF70D800B7FC42 /* Transitions.swift in Sources */ = {isa = PBXBuildFile; fileRef = 1B73876226CF70D800B7FC42 /* Transitions.swift */; };
		1B73876926D4BC7500B7FC42 /* Share Sheet.swift in Sources */ = {isa = PBXBuildFile; fileRef = 1B73876826D4BC7500B7FC42 /* Share Sheet.swift */; };
		1B73876C26D5FCDD00B7FC42 /* PhotosToolbar.swift in Sources */ = {isa = PBXBuildFile; fileRef = 1B73876B26D5FCDD00B7FC42 /* PhotosToolbar.swift */; };
		1B824CBC26BF2FA80070D469 /* MemoriaApp.swift in Sources */ = {isa = PBXBuildFile; fileRef = 1B824CBB26BF2FA80070D469 /* MemoriaApp.swift */; };
		1B824CC026BF2FA90070D469 /* Assets.xcassets in Resources */ = {isa = PBXBuildFile; fileRef = 1B824CBF26BF2FA90070D469 /* Assets.xcassets */; };
		1B824CC326BF2FA90070D469 /* Preview Assets.xcassets in Resources */ = {isa = PBXBuildFile; fileRef = 1B824CC226BF2FA90070D469 /* Preview Assets.xcassets */; };
		1B824CCF26BF39960070D469 /* ScrollRefresh.swift in Sources */ = {isa = PBXBuildFile; fileRef = 1B824CCE26BF39960070D469 /* ScrollRefresh.swift */; };
		1B824CD226BF39B10070D469 /* Library.swift in Sources */ = {isa = PBXBuildFile; fileRef = 1B824CD126BF39B10070D469 /* Library.swift */; };
		1B824CD626BF60380070D469 /* UserImage.swift in Sources */ = {isa = PBXBuildFile; fileRef = 1B824CD526BF60380070D469 /* UserImage.swift */; };
		1B824CD826BF6D530070D469 /* Query.swift in Sources */ = {isa = PBXBuildFile; fileRef = 1B824CD726BF6D530070D469 /* Query.swift */; };
		1B824CDA26BF72970070D469 /* Model.swift in Sources */ = {isa = PBXBuildFile; fileRef = 1B824CD926BF72970070D469 /* Model.swift */; };
		1B824CDD26BF7B020070D469 /* Alamofire in Frameworks */ = {isa = PBXBuildFile; productRef = 1B824CDC26BF7B020070D469 /* Alamofire */; };
		1B824CDF26C082C40070D469 /* Extensions.swift in Sources */ = {isa = PBXBuildFile; fileRef = 1B824CDE26C082C40070D469 /* Extensions.swift */; };
		1B97510F26EBDBA600E1C529 /* PhotosView.swift in Sources */ = {isa = PBXBuildFile; fileRef = 1B97510E26EBDBA600E1C529 /* PhotosView.swift */; };
		1BAD6E582700396000618A08 /* Pacifico-Regular.ttf in Resources */ = {isa = PBXBuildFile; fileRef = 1BAD6E572700392E00618A08 /* Pacifico-Regular.ttf */; };
		1BAD6E5F270042C800618A08 /* OpenSans-Bold.ttf in Resources */ = {isa = PBXBuildFile; fileRef = 1BAD6E5A2700429B00618A08 /* OpenSans-Bold.ttf */; };
		1BAD6E60270042CA00618A08 /* OpenSans-Light.ttf in Resources */ = {isa = PBXBuildFile; fileRef = 1BAD6E5E270042B800618A08 /* OpenSans-Light.ttf */; };
		1BAD6E61270042CC00618A08 /* OpenSans-Medium.ttf in Resources */ = {isa = PBXBuildFile; fileRef = 1BAD6E5B270042B800618A08 /* OpenSans-Medium.ttf */; };
		1BAD6E62270042CE00618A08 /* OpenSans-Regular.ttf in Resources */ = {isa = PBXBuildFile; fileRef = 1BAD6E5C270042B800618A08 /* OpenSans-Regular.ttf */; };
		1BAD6E63270042D000618A08 /* OpenSans-SemiBold.ttf in Resources */ = {isa = PBXBuildFile; fileRef = 1BAD6E5D270042B800618A08 /* OpenSans-SemiBold.ttf */; };
		1BAD6E6627004DC500618A08 /* Lottie in Frameworks */ = {isa = PBXBuildFile; productRef = 1BAD6E6527004DC500618A08 /* Lottie */; };
		1BAD6E6827004DE600618A08 /* LottieView.swift in Sources */ = {isa = PBXBuildFile; fileRef = 1BAD6E6727004DE600618A08 /* LottieView.swift */; };
		1BAD6E6A27004ECF00618A08 /* Loading Screens.swift in Sources */ = {isa = PBXBuildFile; fileRef = 1BAD6E6927004ECF00618A08 /* Loading Screens.swift */; };
		1BAD6E6E2701493200618A08 /* loading-dots.json in Resources */ = {isa = PBXBuildFile; fileRef = 1BAD6E6D2701493200618A08 /* loading-dots.json */; };
		1BAD6E7027014B3C00618A08 /* TabBar.swift in Sources */ = {isa = PBXBuildFile; fileRef = 1BAD6E6F27014B3C00618A08 /* TabBar.swift */; };
		1BAD6E7327014DF100618A08 /* PhotoDetail.swift in Sources */ = {isa = PBXBuildFile; fileRef = 1BAD6E7227014DF100618A08 /* PhotoDetail.swift */; };
		1BD49A5526DDB81D00D504AD /* AsyncImageCustom.swift in Sources */ = {isa = PBXBuildFile; fileRef = 1BD49A5026DDB81C00D504AD /* AsyncImageCustom.swift */; };
		1BD49A6026DF04F600D504AD /* PhotoGridData.swift in Sources */ = {isa = PBXBuildFile; fileRef = 1BD49A5F26DF04F600D504AD /* PhotoGridData.swift */; };
		1BD92C2026CB388A00A598DB /* SplashScreen.swift in Sources */ = {isa = PBXBuildFile; fileRef = 1BD92C1F26CB388A00A598DB /* SplashScreen.swift */; };
		1BD92C2226CB593500A598DB /* NavigationBar.swift in Sources */ = {isa = PBXBuildFile; fileRef = 1BD92C2126CB593500A598DB /* NavigationBar.swift */; };
		1BD92C2A26CC161300A598DB /* SDWebImageSwiftUI in Frameworks */ = {isa = PBXBuildFile; productRef = 1BD92C2926CC161300A598DB /* SDWebImageSwiftUI */; };
/* End PBXBuildFile section */

/* Begin PBXCopyFilesBuildPhase section */
		1BB0A23E26CC77B9000BEE3F /* Embed Frameworks */ = {
			isa = PBXCopyFilesBuildPhase;
			buildActionMask = 2147483647;
			dstPath = "";
			dstSubfolderSpec = 10;
			files = (
			);
			name = "Embed Frameworks";
			runOnlyForDeploymentPostprocessing = 0;
		};
/* End PBXCopyFilesBuildPhase section */

/* Begin PBXFileReference section */
		1B1399D026E2E6B000C2559F /* SidebarNavigation.swift */ = {isa = PBXFileReference; lastKnownFileType = sourcecode.swift; path = SidebarNavigation.swift; sourceTree = "<group>"; };
		1B1399D226E2E7AD00C2559F /* Navigation.swift */ = {isa = PBXFileReference; lastKnownFileType = sourcecode.swift; path = Navigation.swift; sourceTree = "<group>"; };
		1B1399D426E2E81700C2559F /* TabNavigation.swift */ = {isa = PBXFileReference; lastKnownFileType = sourcecode.swift; path = TabNavigation.swift; sourceTree = "<group>"; };
		1B73875226CF6FF800B7FC42 /* Thumbnail.swift */ = {isa = PBXFileReference; fileEncoding = 4; lastKnownFileType = sourcecode.swift; path = Thumbnail.swift; sourceTree = "<group>"; };
		1B73875826CF702300B7FC42 /* VisualEffectView.swift */ = {isa = PBXFileReference; fileEncoding = 4; lastKnownFileType = sourcecode.swift; path = VisualEffectView.swift; sourceTree = "<group>"; };
		1B73875E26CF709E00B7FC42 /* EnvironmentValues.swift */ = {isa = PBXFileReference; fileEncoding = 4; lastKnownFileType = sourcecode.swift; path = EnvironmentValues.swift; sourceTree = "<group>"; };
		1B73876226CF70D800B7FC42 /* Transitions.swift */ = {isa = PBXFileReference; fileEncoding = 4; lastKnownFileType = sourcecode.swift; path = Transitions.swift; sourceTree = "<group>"; };
		1B73876826D4BC7500B7FC42 /* Share Sheet.swift */ = {isa = PBXFileReference; lastKnownFileType = sourcecode.swift; path = "Share Sheet.swift"; sourceTree = "<group>"; };
		1B73876B26D5FCDD00B7FC42 /* PhotosToolbar.swift */ = {isa = PBXFileReference; lastKnownFileType = sourcecode.swift; path = PhotosToolbar.swift; sourceTree = "<group>"; };
		1B824CB826BF2FA80070D469 /* Memoria.app */ = {isa = PBXFileReference; explicitFileType = wrapper.application; includeInIndex = 0; path = Memoria.app; sourceTree = BUILT_PRODUCTS_DIR; };
		1B824CBB26BF2FA80070D469 /* MemoriaApp.swift */ = {isa = PBXFileReference; lastKnownFileType = sourcecode.swift; path = MemoriaApp.swift; sourceTree = "<group>"; };
		1B824CBF26BF2FA90070D469 /* Assets.xcassets */ = {isa = PBXFileReference; lastKnownFileType = folder.assetcatalog; path = Assets.xcassets; sourceTree = "<group>"; };
		1B824CC226BF2FA90070D469 /* Preview Assets.xcassets */ = {isa = PBXFileReference; lastKnownFileType = folder.assetcatalog; path = "Preview Assets.xcassets"; sourceTree = "<group>"; };
		1B824CC426BF2FA90070D469 /* Info.plist */ = {isa = PBXFileReference; lastKnownFileType = text.plist.xml; path = Info.plist; sourceTree = "<group>"; };
		1B824CCE26BF39960070D469 /* ScrollRefresh.swift */ = {isa = PBXFileReference; lastKnownFileType = sourcecode.swift; path = ScrollRefresh.swift; sourceTree = "<group>"; };
		1B824CD126BF39B10070D469 /* Library.swift */ = {isa = PBXFileReference; lastKnownFileType = sourcecode.swift; path = Library.swift; sourceTree = "<group>"; };
		1B824CD526BF60380070D469 /* UserImage.swift */ = {isa = PBXFileReference; lastKnownFileType = sourcecode.swift; path = UserImage.swift; sourceTree = "<group>"; };
		1B824CD726BF6D530070D469 /* Query.swift */ = {isa = PBXFileReference; lastKnownFileType = sourcecode.swift; path = Query.swift; sourceTree = "<group>"; };
		1B824CD926BF72970070D469 /* Model.swift */ = {isa = PBXFileReference; lastKnownFileType = sourcecode.swift; path = Model.swift; sourceTree = "<group>"; };
		1B824CDE26C082C40070D469 /* Extensions.swift */ = {isa = PBXFileReference; lastKnownFileType = sourcecode.swift; path = Extensions.swift; sourceTree = "<group>"; };
		1B97510E26EBDBA600E1C529 /* PhotosView.swift */ = {isa = PBXFileReference; lastKnownFileType = sourcecode.swift; path = PhotosView.swift; sourceTree = "<group>"; };
		1BAD6E572700392E00618A08 /* Pacifico-Regular.ttf */ = {isa = PBXFileReference; lastKnownFileType = file; path = "Pacifico-Regular.ttf"; sourceTree = "<group>"; };
		1BAD6E5A2700429B00618A08 /* OpenSans-Bold.ttf */ = {isa = PBXFileReference; lastKnownFileType = file; path = "OpenSans-Bold.ttf"; sourceTree = "<group>"; };
		1BAD6E5B270042B800618A08 /* OpenSans-Medium.ttf */ = {isa = PBXFileReference; lastKnownFileType = file; path = "OpenSans-Medium.ttf"; sourceTree = "<group>"; };
		1BAD6E5C270042B800618A08 /* OpenSans-Regular.ttf */ = {isa = PBXFileReference; lastKnownFileType = file; path = "OpenSans-Regular.ttf"; sourceTree = "<group>"; };
		1BAD6E5D270042B800618A08 /* OpenSans-SemiBold.ttf */ = {isa = PBXFileReference; lastKnownFileType = file; path = "OpenSans-SemiBold.ttf"; sourceTree = "<group>"; };
		1BAD6E5E270042B800618A08 /* OpenSans-Light.ttf */ = {isa = PBXFileReference; lastKnownFileType = file; path = "OpenSans-Light.ttf"; sourceTree = "<group>"; };
		1BAD6E6727004DE600618A08 /* LottieView.swift */ = {isa = PBXFileReference; fileEncoding = 4; lastKnownFileType = sourcecode.swift; path = LottieView.swift; sourceTree = "<group>"; };
		1BAD6E6927004ECF00618A08 /* Loading Screens.swift */ = {isa = PBXFileReference; lastKnownFileType = sourcecode.swift; path = "Loading Screens.swift"; sourceTree = "<group>"; };
		1BAD6E6D2701493200618A08 /* loading-dots.json */ = {isa = PBXFileReference; fileEncoding = 4; lastKnownFileType = text.json; path = "loading-dots.json"; sourceTree = "<group>"; };
		1BAD6E6F27014B3C00618A08 /* TabBar.swift */ = {isa = PBXFileReference; lastKnownFileType = sourcecode.swift; path = TabBar.swift; sourceTree = "<group>"; };
		1BAD6E7227014DF100618A08 /* PhotoDetail.swift */ = {isa = PBXFileReference; lastKnownFileType = sourcecode.swift; path = PhotoDetail.swift; sourceTree = "<group>"; };
		1BD49A5026DDB81C00D504AD /* AsyncImageCustom.swift */ = {isa = PBXFileReference; fileEncoding = 4; lastKnownFileType = sourcecode.swift; path = AsyncImageCustom.swift; sourceTree = "<group>"; };
		1BD49A5F26DF04F600D504AD /* PhotoGridData.swift */ = {isa = PBXFileReference; lastKnownFileType = sourcecode.swift; path = PhotoGridData.swift; sourceTree = "<group>"; };
		1BD92C1F26CB388A00A598DB /* SplashScreen.swift */ = {isa = PBXFileReference; lastKnownFileType = sourcecode.swift; path = SplashScreen.swift; sourceTree = "<group>"; };
		1BD92C2126CB593500A598DB /* NavigationBar.swift */ = {isa = PBXFileReference; fileEncoding = 4; lastKnownFileType = sourcecode.swift; path = NavigationBar.swift; sourceTree = "<group>"; };
/* End PBXFileReference section */

/* Begin PBXFrameworksBuildPhase section */
		1B824CB526BF2FA80070D469 /* Frameworks */ = {
			isa = PBXFrameworksBuildPhase;
			buildActionMask = 2147483647;
			files = (
				1BD92C2A26CC161300A598DB /* SDWebImageSwiftUI in Frameworks */,
				1B824CDD26BF7B020070D469 /* Alamofire in Frameworks */,
				1BAD6E6627004DC500618A08 /* Lottie in Frameworks */,
			);
			runOnlyForDeploymentPostprocessing = 0;
		};
/* End PBXFrameworksBuildPhase section */

/* Begin PBXGroup section */
		1B1399CF26E2E5BF00C2559F /* Layouts */ = {
			isa = PBXGroup;
			children = (
				1BD92C1F26CB388A00A598DB /* SplashScreen.swift */,
				1B1399D226E2E7AD00C2559F /* Navigation.swift */,
				1B1399D026E2E6B000C2559F /* SidebarNavigation.swift */,
				1B1399D426E2E81700C2559F /* TabNavigation.swift */,
				1BAD6E6F27014B3C00618A08 /* TabBar.swift */,
			);
			path = Layouts;
			sourceTree = "<group>";
		};
		1B73876D26DC165500B7FC42 /* Network & Models */ = {
			isa = PBXGroup;
			children = (
				1B824CD926BF72970070D469 /* Model.swift */,
				1B824CD726BF6D530070D469 /* Query.swift */,
			);
			name = "Network & Models";
			path = Photos;
			sourceTree = "<group>";
		};
		1B73876E26DC167000B7FC42 /* Photo Grid */ = {
			isa = PBXGroup;
			children = (
				1B97510E26EBDBA600E1C529 /* PhotosView.swift */,
				1BD49A5F26DF04F600D504AD /* PhotoGridData.swift */,
				1B73875226CF6FF800B7FC42 /* Thumbnail.swift */,
				1BD49A5026DDB81C00D504AD /* AsyncImageCustom.swift */,
				1B824CCE26BF39960070D469 /* ScrollRefresh.swift */,
			);
			name = "Photo Grid";
			sourceTree = "<group>";
		};
		1B824CAF26BF2FA80070D469 = {
			isa = PBXGroup;
			children = (
				1B824CBA26BF2FA80070D469 /* Memoria */,
				1B824CB926BF2FA80070D469 /* Products */,
			);
			sourceTree = "<group>";
		};
		1B824CB926BF2FA80070D469 /* Products */ = {
			isa = PBXGroup;
			children = (
				1B824CB826BF2FA80070D469 /* Memoria.app */,
			);
			name = Products;
			sourceTree = "<group>";
		};
		1B824CBA26BF2FA80070D469 /* Memoria */ = {
			isa = PBXGroup;
			children = (
				1B1399CF26E2E5BF00C2559F /* Layouts */,
				1B824CCD26BF39170070D469 /* Photos */,
				1B824CD026BF39A40070D469 /* Library */,
				1B73876D26DC165500B7FC42 /* Network & Models */,
				1BB0A24226CCADD1000BEE3F /* Extras */,
				1B824CBB26BF2FA80070D469 /* MemoriaApp.swift */,
				1B824CBF26BF2FA90070D469 /* Assets.xcassets */,
				1B824CC426BF2FA90070D469 /* Info.plist */,
				1B824CC126BF2FA90070D469 /* Preview Content */,
			);
			path = Memoria;
			sourceTree = "<group>";
		};
		1B824CC126BF2FA90070D469 /* Preview Content */ = {
			isa = PBXGroup;
			children = (
				1B824CC226BF2FA90070D469 /* Preview Assets.xcassets */,
			);
			path = "Preview Content";
			sourceTree = "<group>";
		};
		1B824CCD26BF39170070D469 /* Photos */ = {
			isa = PBXGroup;
			children = (
				1B73876E26DC167000B7FC42 /* Photo Grid */,
				1BAD6E7127014DD900618A08 /* PhotoDetail */,
			);
			path = Photos;
			sourceTree = "<group>";
		};
		1B824CD026BF39A40070D469 /* Library */ = {
			isa = PBXGroup;
			children = (
				1B824CD126BF39B10070D469 /* Library.swift */,
			);
			path = Library;
			sourceTree = "<group>";
		};
		1BAD6E552700391C00618A08 /* Fonts */ = {
			isa = PBXGroup;
			children = (
				1BAD6E5A2700429B00618A08 /* OpenSans-Bold.ttf */,
				1BAD6E5E270042B800618A08 /* OpenSans-Light.ttf */,
				1BAD6E5B270042B800618A08 /* OpenSans-Medium.ttf */,
				1BAD6E5C270042B800618A08 /* OpenSans-Regular.ttf */,
				1BAD6E5D270042B800618A08 /* OpenSans-SemiBold.ttf */,
				1BAD6E572700392E00618A08 /* Pacifico-Regular.ttf */,
			);
			path = Fonts;
			sourceTree = "<group>";
		};
		1BAD6E7127014DD900618A08 /* PhotoDetail */ = {
			isa = PBXGroup;
			children = (
				1BAD6E7227014DF100618A08 /* PhotoDetail.swift */,
				1B73876B26D5FCDD00B7FC42 /* PhotosToolbar.swift */,
				1B73876826D4BC7500B7FC42 /* Share Sheet.swift */,
				1B73876226CF70D800B7FC42 /* Transitions.swift */,
				1B73875E26CF709E00B7FC42 /* EnvironmentValues.swift */,
			);
			name = PhotoDetail;
			sourceTree = "<group>";
		};
		1BB0A24226CCADD1000BEE3F /* Extras */ = {
			isa = PBXGroup;
			children = (
				1BAD6E552700391C00618A08 /* Fonts */,
				1BAD6E6927004ECF00618A08 /* Loading Screens.swift */,
				1BAD6E6D2701493200618A08 /* loading-dots.json */,
				1BAD6E6727004DE600618A08 /* LottieView.swift */,
				1BD92C2126CB593500A598DB /* NavigationBar.swift */,
				1B73875826CF702300B7FC42 /* VisualEffectView.swift */,
				1B824CD526BF60380070D469 /* UserImage.swift */,
				1B824CDE26C082C40070D469 /* Extensions.swift */,
			);
			path = Extras;
			sourceTree = "<group>";
		};
/* End PBXGroup section */

/* Begin PBXNativeTarget section */
		1B824CB726BF2FA80070D469 /* Memoria */ = {
			isa = PBXNativeTarget;
			buildConfigurationList = 1B824CC726BF2FA90070D469 /* Build configuration list for PBXNativeTarget "Memoria" */;
			buildPhases = (
				1B824CB426BF2FA80070D469 /* Sources */,
				1B824CB526BF2FA80070D469 /* Frameworks */,
				1B824CB626BF2FA80070D469 /* Resources */,
				1BB0A23E26CC77B9000BEE3F /* Embed Frameworks */,
			);
			buildRules = (
			);
			dependencies = (
			);
			name = Memoria;
			packageProductDependencies = (
				1B824CDC26BF7B020070D469 /* Alamofire */,
				1BD92C2926CC161300A598DB /* SDWebImageSwiftUI */,
				1BAD6E6527004DC500618A08 /* Lottie */,
			);
			productName = Memoria;
			productReference = 1B824CB826BF2FA80070D469 /* Memoria.app */;
			productType = "com.apple.product-type.application";
		};
/* End PBXNativeTarget section */

/* Begin PBXProject section */
		1B824CB026BF2FA80070D469 /* Project object */ = {
			isa = PBXProject;
			attributes = {
				LastSwiftUpdateCheck = 1250;
				LastUpgradeCheck = 1250;
				TargetAttributes = {
					1B824CB726BF2FA80070D469 = {
						CreatedOnToolsVersion = 12.5;
					};
				};
			};
			buildConfigurationList = 1B824CB326BF2FA80070D469 /* Build configuration list for PBXProject "Memoria" */;
			compatibilityVersion = "Xcode 9.3";
			developmentRegion = en;
			hasScannedForEncodings = 0;
			knownRegions = (
				en,
				Base,
			);
			mainGroup = 1B824CAF26BF2FA80070D469;
			packageReferences = (
				1B824CDB26BF7B020070D469 /* XCRemoteSwiftPackageReference "Alamofire" */,
				1BD92C2826CC161300A598DB /* XCRemoteSwiftPackageReference "SDWebImageSwiftUI" */,
				1BD49A4626DDA45F00D504AD /* XCRemoteSwiftPackageReference "AlamofireImage" */,
				1BAD6E6427004DC500618A08 /* XCRemoteSwiftPackageReference "lottie-ios" */,
			);
			productRefGroup = 1B824CB926BF2FA80070D469 /* Products */;
			projectDirPath = "";
			projectRoot = "";
			targets = (
				1B824CB726BF2FA80070D469 /* Memoria */,
			);
		};
/* End PBXProject section */

/* Begin PBXResourcesBuildPhase section */
		1B824CB626BF2FA80070D469 /* Resources */ = {
			isa = PBXResourcesBuildPhase;
			buildActionMask = 2147483647;
			files = (
				1BAD6E61270042CC00618A08 /* OpenSans-Medium.ttf in Resources */,
				1BAD6E582700396000618A08 /* Pacifico-Regular.ttf in Resources */,
				1B824CC326BF2FA90070D469 /* Preview Assets.xcassets in Resources */,
				1BAD6E62270042CE00618A08 /* OpenSans-Regular.ttf in Resources */,
				1BAD6E63270042D000618A08 /* OpenSans-SemiBold.ttf in Resources */,
				1BAD6E5F270042C800618A08 /* OpenSans-Bold.ttf in Resources */,
				1BAD6E6E2701493200618A08 /* loading-dots.json in Resources */,
				1BAD6E60270042CA00618A08 /* OpenSans-Light.ttf in Resources */,
				1B824CC026BF2FA90070D469 /* Assets.xcassets in Resources */,
			);
			runOnlyForDeploymentPostprocessing = 0;
		};
/* End PBXResourcesBuildPhase section */

/* Begin PBXSourcesBuildPhase section */
		1B824CB426BF2FA80070D469 /* Sources */ = {
			isa = PBXSourcesBuildPhase;
			buildActionMask = 2147483647;
			files = (
				1BD92C2026CB388A00A598DB /* SplashScreen.swift in Sources */,
				1BAD6E7327014DF100618A08 /* PhotoDetail.swift in Sources */,
				1BD49A5526DDB81D00D504AD /* AsyncImageCustom.swift in Sources */,
				1B824CCF26BF39960070D469 /* ScrollRefresh.swift in Sources */,
				1BAD6E7027014B3C00618A08 /* TabBar.swift in Sources */,
				1BAD6E6A27004ECF00618A08 /* Loading Screens.swift in Sources */,
				1BD92C2226CB593500A598DB /* NavigationBar.swift in Sources */,
				1B824CDF26C082C40070D469 /* Extensions.swift in Sources */,
				1BD49A6026DF04F600D504AD /* PhotoGridData.swift in Sources */,
				1B824CD826BF6D530070D469 /* Query.swift in Sources */,
				1B73875F26CF709F00B7FC42 /* EnvironmentValues.swift in Sources */,
				1B73875326CF6FF800B7FC42 /* Thumbnail.swift in Sources */,
				1BAD6E6827004DE600618A08 /* LottieView.swift in Sources */,
				1B97510F26EBDBA600E1C529 /* PhotosView.swift in Sources */,
				1B824CD626BF60380070D469 /* UserImage.swift in Sources */,
				1B73876C26D5FCDD00B7FC42 /* PhotosToolbar.swift in Sources */,
				1B824CD226BF39B10070D469 /* Library.swift in Sources */,
				1B824CBC26BF2FA80070D469 /* MemoriaApp.swift in Sources */,
				1B1399D326E2E7AD00C2559F /* Navigation.swift in Sources */,
				1B73875926CF702300B7FC42 /* VisualEffectView.swift in Sources */,
				1B1399D126E2E6B000C2559F /* SidebarNavigation.swift in Sources */,
				1B73876926D4BC7500B7FC42 /* Share Sheet.swift in Sources */,
				1B1399D526E2E81700C2559F /* TabNavigation.swift in Sources */,
				1B73876326CF70D800B7FC42 /* Transitions.swift in Sources */,
				1B824CDA26BF72970070D469 /* Model.swift in Sources */,
			);
			runOnlyForDeploymentPostprocessing = 0;
		};
/* End PBXSourcesBuildPhase section */

/* Begin XCBuildConfiguration section */
		1B824CC526BF2FA90070D469 /* Debug */ = {
			isa = XCBuildConfiguration;
			buildSettings = {
				ALWAYS_SEARCH_USER_PATHS = NO;
				CLANG_ANALYZER_NONNULL = YES;
				CLANG_ANALYZER_NUMBER_OBJECT_CONVERSION = YES_AGGRESSIVE;
				CLANG_CXX_LANGUAGE_STANDARD = "gnu++14";
				CLANG_CXX_LIBRARY = "libc++";
				CLANG_ENABLE_MODULES = YES;
				CLANG_ENABLE_OBJC_ARC = YES;
				CLANG_ENABLE_OBJC_WEAK = YES;
				CLANG_WARN_BLOCK_CAPTURE_AUTORELEASING = YES;
				CLANG_WARN_BOOL_CONVERSION = YES;
				CLANG_WARN_COMMA = YES;
				CLANG_WARN_CONSTANT_CONVERSION = YES;
				CLANG_WARN_DEPRECATED_OBJC_IMPLEMENTATIONS = YES;
				CLANG_WARN_DIRECT_OBJC_ISA_USAGE = YES_ERROR;
				CLANG_WARN_DOCUMENTATION_COMMENTS = YES;
				CLANG_WARN_EMPTY_BODY = YES;
				CLANG_WARN_ENUM_CONVERSION = YES;
				CLANG_WARN_INFINITE_RECURSION = YES;
				CLANG_WARN_INT_CONVERSION = YES;
				CLANG_WARN_NON_LITERAL_NULL_CONVERSION = YES;
				CLANG_WARN_OBJC_IMPLICIT_RETAIN_SELF = YES;
				CLANG_WARN_OBJC_LITERAL_CONVERSION = YES;
				CLANG_WARN_OBJC_ROOT_CLASS = YES_ERROR;
				CLANG_WARN_QUOTED_INCLUDE_IN_FRAMEWORK_HEADER = YES;
				CLANG_WARN_RANGE_LOOP_ANALYSIS = YES;
				CLANG_WARN_STRICT_PROTOTYPES = YES;
				CLANG_WARN_SUSPICIOUS_MOVE = YES;
				CLANG_WARN_UNGUARDED_AVAILABILITY = YES_AGGRESSIVE;
				CLANG_WARN_UNREACHABLE_CODE = YES;
				CLANG_WARN__DUPLICATE_METHOD_MATCH = YES;
				COPY_PHASE_STRIP = NO;
				DEBUG_INFORMATION_FORMAT = dwarf;
				ENABLE_STRICT_OBJC_MSGSEND = YES;
				ENABLE_TESTABILITY = YES;
				GCC_C_LANGUAGE_STANDARD = gnu11;
				GCC_DYNAMIC_NO_PIC = NO;
				GCC_NO_COMMON_BLOCKS = YES;
				GCC_OPTIMIZATION_LEVEL = 0;
				GCC_PREPROCESSOR_DEFINITIONS = (
					"DEBUG=1",
					"$(inherited)",
				);
				GCC_WARN_64_TO_32_BIT_CONVERSION = YES;
				GCC_WARN_ABOUT_RETURN_TYPE = YES_ERROR;
				GCC_WARN_UNDECLARED_SELECTOR = YES;
				GCC_WARN_UNINITIALIZED_AUTOS = YES_AGGRESSIVE;
				GCC_WARN_UNUSED_FUNCTION = YES;
				GCC_WARN_UNUSED_VARIABLE = YES;
				IPHONEOS_DEPLOYMENT_TARGET = 14.7;
				MTL_ENABLE_DEBUG_INFO = INCLUDE_SOURCE;
				MTL_FAST_MATH = YES;
				ONLY_ACTIVE_ARCH = YES;
				SDKROOT = iphoneos;
				SWIFT_ACTIVE_COMPILATION_CONDITIONS = DEBUG;
				SWIFT_OPTIMIZATION_LEVEL = "-Onone";
			};
			name = Debug;
		};
		1B824CC626BF2FA90070D469 /* Release */ = {
			isa = XCBuildConfiguration;
			buildSettings = {
				ALWAYS_SEARCH_USER_PATHS = NO;
				CLANG_ANALYZER_NONNULL = YES;
				CLANG_ANALYZER_NUMBER_OBJECT_CONVERSION = YES_AGGRESSIVE;
				CLANG_CXX_LANGUAGE_STANDARD = "gnu++14";
				CLANG_CXX_LIBRARY = "libc++";
				CLANG_ENABLE_MODULES = YES;
				CLANG_ENABLE_OBJC_ARC = YES;
				CLANG_ENABLE_OBJC_WEAK = YES;
				CLANG_WARN_BLOCK_CAPTURE_AUTORELEASING = YES;
				CLANG_WARN_BOOL_CONVERSION = YES;
				CLANG_WARN_COMMA = YES;
				CLANG_WARN_CONSTANT_CONVERSION = YES;
				CLANG_WARN_DEPRECATED_OBJC_IMPLEMENTATIONS = YES;
				CLANG_WARN_DIRECT_OBJC_ISA_USAGE = YES_ERROR;
				CLANG_WARN_DOCUMENTATION_COMMENTS = YES;
				CLANG_WARN_EMPTY_BODY = YES;
				CLANG_WARN_ENUM_CONVERSION = YES;
				CLANG_WARN_INFINITE_RECURSION = YES;
				CLANG_WARN_INT_CONVERSION = YES;
				CLANG_WARN_NON_LITERAL_NULL_CONVERSION = YES;
				CLANG_WARN_OBJC_IMPLICIT_RETAIN_SELF = YES;
				CLANG_WARN_OBJC_LITERAL_CONVERSION = YES;
				CLANG_WARN_OBJC_ROOT_CLASS = YES_ERROR;
				CLANG_WARN_QUOTED_INCLUDE_IN_FRAMEWORK_HEADER = YES;
				CLANG_WARN_RANGE_LOOP_ANALYSIS = YES;
				CLANG_WARN_STRICT_PROTOTYPES = YES;
				CLANG_WARN_SUSPICIOUS_MOVE = YES;
				CLANG_WARN_UNGUARDED_AVAILABILITY = YES_AGGRESSIVE;
				CLANG_WARN_UNREACHABLE_CODE = YES;
				CLANG_WARN__DUPLICATE_METHOD_MATCH = YES;
				COPY_PHASE_STRIP = NO;
				DEBUG_INFORMATION_FORMAT = "dwarf-with-dsym";
				ENABLE_NS_ASSERTIONS = NO;
				ENABLE_STRICT_OBJC_MSGSEND = YES;
				GCC_C_LANGUAGE_STANDARD = gnu11;
				GCC_NO_COMMON_BLOCKS = YES;
				GCC_WARN_64_TO_32_BIT_CONVERSION = YES;
				GCC_WARN_ABOUT_RETURN_TYPE = YES_ERROR;
				GCC_WARN_UNDECLARED_SELECTOR = YES;
				GCC_WARN_UNINITIALIZED_AUTOS = YES_AGGRESSIVE;
				GCC_WARN_UNUSED_FUNCTION = YES;
				GCC_WARN_UNUSED_VARIABLE = YES;
				IPHONEOS_DEPLOYMENT_TARGET = 14.7;
				MTL_ENABLE_DEBUG_INFO = NO;
				MTL_FAST_MATH = YES;
				SDKROOT = iphoneos;
				SWIFT_COMPILATION_MODE = wholemodule;
				SWIFT_OPTIMIZATION_LEVEL = "-O";
				VALIDATE_PRODUCT = YES;
			};
			name = Release;
		};
		1B824CC826BF2FA90070D469 /* Debug */ = {
			isa = XCBuildConfiguration;
			buildSettings = {
				ASSETCATALOG_COMPILER_APPICON_NAME = AppIcon;
				ASSETCATALOG_COMPILER_GLOBAL_ACCENT_COLOR_NAME = AccentColor;
				CODE_SIGN_STYLE = Automatic;
				DEVELOPMENT_ASSET_PATHS = "\"Memoria/Preview Content\"";
				DEVELOPMENT_TEAM = LL6476HKHT;
				ENABLE_PREVIEWS = YES;
				INFOPLIST_FILE = Memoria/Info.plist;
				IPHONEOS_DEPLOYMENT_TARGET = 14.7;
				LD_RUNPATH_SEARCH_PATHS = (
					"$(inherited)",
					"@executable_path/Frameworks",
				);
				PRODUCT_BUNDLE_IDENTIFIER = sagar.Memoria;
				PRODUCT_NAME = "$(TARGET_NAME)";
				SWIFT_VERSION = 5.0;
				TARGETED_DEVICE_FAMILY = "1,2";
			};
			name = Debug;
		};
		1B824CC926BF2FA90070D469 /* Release */ = {
			isa = XCBuildConfiguration;
			buildSettings = {
				ASSETCATALOG_COMPILER_APPICON_NAME = AppIcon;
				ASSETCATALOG_COMPILER_GLOBAL_ACCENT_COLOR_NAME = AccentColor;
				CODE_SIGN_STYLE = Automatic;
				DEVELOPMENT_ASSET_PATHS = "\"Memoria/Preview Content\"";
				DEVELOPMENT_TEAM = LL6476HKHT;
				ENABLE_PREVIEWS = YES;
				INFOPLIST_FILE = Memoria/Info.plist;
				IPHONEOS_DEPLOYMENT_TARGET = 14.7;
				LD_RUNPATH_SEARCH_PATHS = (
					"$(inherited)",
					"@executable_path/Frameworks",
				);
				PRODUCT_BUNDLE_IDENTIFIER = sagar.Memoria;
				PRODUCT_NAME = "$(TARGET_NAME)";
				SWIFT_VERSION = 5.0;
				TARGETED_DEVICE_FAMILY = "1,2";
			};
			name = Release;
		};
/* End XCBuildConfiguration section */

/* Begin XCConfigurationList section */
		1B824CB326BF2FA80070D469 /* Build configuration list for PBXProject "Memoria" */ = {
			isa = XCConfigurationList;
			buildConfigurations = (
				1B824CC526BF2FA90070D469 /* Debug */,
				1B824CC626BF2FA90070D469 /* Release */,
			);
			defaultConfigurationIsVisible = 0;
			defaultConfigurationName = Release;
		};
		1B824CC726BF2FA90070D469 /* Build configuration list for PBXNativeTarget "Memoria" */ = {
			isa = XCConfigurationList;
			buildConfigurations = (
				1B824CC826BF2FA90070D469 /* Debug */,
				1B824CC926BF2FA90070D469 /* Release */,
			);
			defaultConfigurationIsVisible = 0;
			defaultConfigurationName = Release;
		};
/* End XCConfigurationList section */

/* Begin XCRemoteSwiftPackageReference section */
		1B824CDB26BF7B020070D469 /* XCRemoteSwiftPackageReference "Alamofire" */ = {
			isa = XCRemoteSwiftPackageReference;
			repositoryURL = "https://github.com/Alamofire/Alamofire.git";
			requirement = {
				kind = upToNextMajorVersion;
				minimumVersion = 5.4.3;
			};
		};
		1BAD6E6427004DC500618A08 /* XCRemoteSwiftPackageReference "lottie-ios" */ = {
			isa = XCRemoteSwiftPackageReference;
			repositoryURL = "https://github.com/airbnb/lottie-ios";
			requirement = {
				kind = upToNextMajorVersion;
				minimumVersion = 3.0.0;
			};
		};
		1BD49A4626DDA45F00D504AD /* XCRemoteSwiftPackageReference "AlamofireImage" */ = {
			isa = XCRemoteSwiftPackageReference;
			repositoryURL = "https://github.com/Alamofire/AlamofireImage.git";
			requirement = {
				kind = upToNextMajorVersion;
				minimumVersion = 4.2.0;
			};
		};
		1BD92C2826CC161300A598DB /* XCRemoteSwiftPackageReference "SDWebImageSwiftUI" */ = {
			isa = XCRemoteSwiftPackageReference;
			repositoryURL = "https://github.com/SDWebImage/SDWebImageSwiftUI";
			requirement = {
				kind = upToNextMajorVersion;
				minimumVersion = 2.0.2;
			};
		};
/* End XCRemoteSwiftPackageReference section */

/* Begin XCSwiftPackageProductDependency section */
		1B824CDC26BF7B020070D469 /* Alamofire */ = {
			isa = XCSwiftPackageProductDependency;
			package = 1B824CDB26BF7B020070D469 /* XCRemoteSwiftPackageReference "Alamofire" */;
			productName = Alamofire;
		};
		1BAD6E6527004DC500618A08 /* Lottie */ = {
			isa = XCSwiftPackageProductDependency;
			package = 1BAD6E6427004DC500618A08 /* XCRemoteSwiftPackageReference "lottie-ios" */;
			productName = Lottie;
		};
		1BD92C2926CC161300A598DB /* SDWebImageSwiftUI */ = {
			isa = XCSwiftPackageProductDependency;
			package = 1BD92C2826CC161300A598DB /* XCRemoteSwiftPackageReference "SDWebImageSwiftUI" */;
			productName = SDWebImageSwiftUI;
		};
/* End XCSwiftPackageProductDependency section */
	};
	rootObject = 1B824CB026BF2FA80070D469 /* Project object */;
}
